
Microsoft Visual Studio Solution File, Format Version 12.00
# Visual Studio 15
Project("{FAE04EC0-301F-11D3-BF4B-00C04F79EFBC}") = "Assembly-CSharp", "Assembly-CSharp.csproj", "{4442F3ED-383F-0E2B-F096-2E385F5BBB00}"
EndProject
Project("{FAE04EC0-301F-11D3-BF4B-00C04F79EFBC}") = "Assembly-CSharp-firstpass", "Assembly-CSharp-firstpass.csproj", "{C739FD97-2F98-6C3A-FDD5-B04C2DA4F0CF}"
EndProject
Project("{FAE04EC0-301F-11D3-BF4B-00C04F79EFBC}") = "Assembly-CSharp-Editor", "Assembly-CSharp-Editor.csproj", "{F37E3351-BC74-4AD8-E9EC-0C6EBA98AF8B}"
EndProject
Global
	GlobalSection(SolutionConfigurationPlatforms) = preSolution
		Debug|Any CPU = Debug|Any CPU
		Release|Any CPU = Release|Any CPU
	EndGlobalSection
	GlobalSection(ProjectConfigurationPlatforms) = postSolution
		{4442F3ED-383F-0E2B-F096-2E385F5BBB00}.Debug|Any CPU.ActiveCfg = Debug|Any CPU
		{4442F3ED-383F-0E2B-F096-2E385F5BBB00}.Debug|Any CPU.Build.0 = Debug|Any CPU
		{4442F3ED-383F-0E2B-F096-2E385F5BBB00}.Release|Any CPU.ActiveCfg = Release|Any CPU
		{4442F3ED-383F-0E2B-F096-2E385F5BBB00}.Release|Any CPU.Build.0 = Release|Any CPU
		{C739FD97-2F98-6C3A-FDD5-B04C2DA4F0CF}.Debug|Any CPU.ActiveCfg = Debug|Any CPU
		{C739FD97-2F98-6C3A-FDD5-B04C2DA4F0CF}.Debug|Any CPU.Build.0 = Debug|Any CPU
		{C739FD97-2F98-6C3A-FDD5-B04C2DA4F0CF}.Release|Any CPU.ActiveCfg = Release|Any CPU
		{C739FD97-2F98-6C3A-FDD5-B04C2DA4F0CF}.Release|Any CPU.Build.0 = Release|Any CPU
		{F37E3351-BC74-4AD8-E9EC-0C6EBA98AF8B}.Debug|Any CPU.ActiveCfg = Debug|Any CPU
		{F37E3351-BC74-4AD8-E9EC-0C6EBA98AF8B}.Debug|Any CPU.Build.0 = Debug|Any CPU
		{F37E3351-BC74-4AD8-E9EC-0C6EBA98AF8B}.Release|Any CPU.ActiveCfg = Release|Any CPU
		{F37E3351-BC74-4AD8-E9EC-0C6EBA98AF8B}.Release|Any CPU.Build.0 = Release|Any CPU
	EndGlobalSection
	GlobalSection(SolutionProperties) = preSolution
		HideSolutionNode = FALSE
	EndGlobalSection
EndGlobal
